
Microsoft Visual Studio Solution File, Format Version 12.00
# Visual Studio 14
VisualStudioVersion = 14.0.25420.1
MinimumVisualStudioVersion = 10.0.40219.1
Project("{FAE04EC0-301F-11D3-BF4B-00C04F79EFBC}") = "AsyncUsageAnalyzers", "AsyncUsageAnalyzers\AsyncUsageAnalyzers\AsyncUsageAnalyzers.csproj", "{4E32037D-3EE0-419A-BC68-7D28FCD453A0}"
EndProject
Project("{FAE04EC0-301F-11D3-BF4B-00C04F79EFBC}") = "AsyncUsageAnalyzers.Test", "AsyncUsageAnalyzers\AsyncUsageAnalyzers.Test\AsyncUsageAnalyzers.Test.csproj", "{658C2A87-E2A9-494D-93D7-CB60EFE3D02B}"
EndProject
Project("{FAE04EC0-301F-11D3-BF4B-00C04F79EFBC}") = "AsyncUsageAnalyzers.Vsix", "AsyncUsageAnalyzers\AsyncUsageAnalyzers.Vsix\AsyncUsageAnalyzers.Vsix.csproj", "{8ABF883C-450A-4D0E-8D50-BF8A07C82C1B}"
EndProject
Project("{2150E333-8FDC-42A3-9474-1A3956D46DE8}") = "Solution Items", "Solution Items", "{84B978A9-3463-4915-B8D2-89AD4C919C68}"
	ProjectSection(SolutionItems) = preProject
		appveyor.yml = appveyor.yml
		CONTRIBUTING.md = CONTRIBUTING.md
		LICENSE = LICENSE
		README.md = README.md
	EndProjectSection
EndProject
Project("{2150E333-8FDC-42A3-9474-1A3956D46DE8}") = "build", "build", "{11D3EB88-A10D-4E48-A9F0-D98E6BF9B65C}"
	ProjectSection(SolutionItems) = preProject
		build\build.ps1 = build\build.ps1
		build\check-key.ps1 = build\check-key.ps1
		build\keys.ps1 = build\keys.ps1
		build\push.ps1 = build\push.ps1
		build\version.ps1 = build\version.ps1
	EndProjectSection
EndProject
Project("{FAE04EC0-301F-11D3-BF4B-00C04F79EFBC}") = "AsyncUsageAnalyzers.CodeFixes", "AsyncUsageAnalyzers\AsyncUsageAnalyzers.CodeFixes\AsyncUsageAnalyzers.CodeFixes.csproj", "{BA0CD420-1E79-4FBC-B023-09C03BCDFFAC}"
EndProject
Project("{2150E333-8FDC-42A3-9474-1A3956D46DE8}") = "documentation", "documentation", "{9E388950-B857-4C92-9429-676FE26BF115}"
	ProjectSection(SolutionItems) = preProject
		documentation\AvoidAsyncSuffix.md = documentation\AvoidAsyncSuffix.md
		documentation\AvoidAsyncVoid.md = documentation\AvoidAsyncVoid.md
		DontUseThreadSleep.md = DontUseThreadSleep.md
		DontUseThreadSleepInAsyncCode.md = DontUseThreadSleepInAsyncCode.md
		documentation\UseAsyncSuffix.md = documentation\UseAsyncSuffix.md
		documentation\UseConfigureAwait.md = documentation\UseConfigureAwait.md
	EndProjectSection
EndProject
Global
	GlobalSection(SolutionConfigurationPlatforms) = preSolution
		Debug|Any CPU = Debug|Any CPU
		Release|Any CPU = Release|Any CPU
	EndGlobalSection
	GlobalSection(ProjectConfigurationPlatforms) = postSolution
		{4E32037D-3EE0-419A-BC68-7D28FCD453A0}.Debug|Any CPU.ActiveCfg = Debug|Any CPU
		{4E32037D-3EE0-419A-BC68-7D28FCD453A0}.Debug|Any CPU.Build.0 = Debug|Any CPU
		{4E32037D-3EE0-419A-BC68-7D28FCD453A0}.Release|Any CPU.ActiveCfg = Release|Any CPU
		{4E32037D-3EE0-419A-BC68-7D28FCD453A0}.Release|Any CPU.Build.0 = Release|Any CPU
		{658C2A87-E2A9-494D-93D7-CB60EFE3D02B}.Debug|Any CPU.ActiveCfg = Debug|Any CPU
		{658C2A87-E2A9-494D-93D7-CB60EFE3D02B}.Debug|Any CPU.Build.0 = Debug|Any CPU
		{658C2A87-E2A9-494D-93D7-CB60EFE3D02B}.Release|Any CPU.ActiveCfg = Release|Any CPU
		{658C2A87-E2A9-494D-93D7-CB60EFE3D02B}.Release|Any CPU.Build.0 = Release|Any CPU
		{8ABF883C-450A-4D0E-8D50-BF8A07C82C1B}.Debug|Any CPU.ActiveCfg = Debug|Any CPU
		{8ABF883C-450A-4D0E-8D50-BF8A07C82C1B}.Debug|Any CPU.Build.0 = Debug|Any CPU
		{8ABF883C-450A-4D0E-8D50-BF8A07C82C1B}.Release|Any CPU.ActiveCfg = Release|Any CPU
		{8ABF883C-450A-4D0E-8D50-BF8A07C82C1B}.Release|Any CPU.Build.0 = Release|Any CPU
		{BA0CD420-1E79-4FBC-B023-09C03BCDFFAC}.Debug|Any CPU.ActiveCfg = Debug|Any CPU
		{BA0CD420-1E79-4FBC-B023-09C03BCDFFAC}.Debug|Any CPU.Build.0 = Debug|Any CPU
		{BA0CD420-1E79-4FBC-B023-09C03BCDFFAC}.Release|Any CPU.ActiveCfg = Release|Any CPU
		{BA0CD420-1E79-4FBC-B023-09C03BCDFFAC}.Release|Any CPU.Build.0 = Release|Any CPU
	EndGlobalSection
	GlobalSection(SolutionProperties) = preSolution
		HideSolutionNode = FALSE
	EndGlobalSection
EndGlobal
